
Microsoft Visual Studio Solution File, Format Version 12.00
# Visual Studio Version 17
VisualStudioVersion = 17.9.34728.123
MinimumVisualStudioVersion = 10.0.40219.1
Project("{FAE04EC0-301F-11D3-BF4B-00C04F79EFBC}") = "mywebapicore", "mywebapicore\mywebapicore.csproj", "{28943916-5D04-4D60-A283-B76A94FB80D7}"
EndProject
Global
	GlobalSection(SolutionConfigurationPlatforms) = preSolution
		Debug|Any CPU = Debug|Any CPU
		Release|Any CPU = Release|Any CPU
	EndGlobalSection
	GlobalSection(ProjectConfigurationPlatforms) = postSolution
		{28943916-5D04-4D60-A283-B76A94FB80D7}.Debug|Any CPU.ActiveCfg = Debug|Any CPU
		{28943916-5D04-4D60-A283-B76A94FB80D7}.Debug|Any CPU.Build.0 = Debug|Any CPU
		{28943916-5D04-4D60-A283-B76A94FB80D7}.Release|Any CPU.ActiveCfg = Release|Any CPU
		{28943916-5D04-4D60-A283-B76A94FB80D7}.Release|Any CPU.Build.0 = Release|Any CPU
	EndGlobalSection
	GlobalSection(SolutionProperties) = preSolution
		HideSolutionNode = FALSE
	EndGlobalSection
	GlobalSection(ExtensibilityGlobals) = postSolution
		SolutionGuid = {26574633-F098-478C-AD38-95DABF9F1889}
	EndGlobalSection
EndGlobal
